{
  "version": 4,
  "terraform_version": "0.15.3",
  "serial": 5,
  "lineage": "07cfa3d3-dedb-f1cb-b619-ade3363568a8",
  "outputs": {},
  "resources": [
    {
      "mode": "managed",
      "type": "github_repository",
      "name": "demo",
      "provider": "provider[\"registry.terraform.io/integrations/github\"]",
      "instances": [
        {
          "schema_version": 0,
          "attributes": {
            "allow_merge_commit": true,
            "allow_rebase_merge": true,
            "allow_squash_merge": true,
            "archive_on_destroy": null,
            "archived": false,
            "auto_init": null,
            "default_branch": "main",
            "delete_branch_on_merge": false,
            "description": "My awesome codebase",
            "etag": "W/\"0d0cedf9e1219db827fb4e96edb7198a68533aca78bae423eff23468afb7bf4e\"",
            "full_name": "s9r-5/first_demo_repo_cren",
            "git_clone_url": "git://github.com/s9r-5/first_demo_repo_cren.git",
            "gitignore_template": null,
            "has_downloads": false,
            "has_issues": false,
            "has_projects": false,
            "has_wiki": false,
            "homepage_url": "",
            "html_url": "https://github.com/s9r-5/first_demo_repo_cren",
            "http_clone_url": "https://github.com/s9r-5/first_demo_repo_cren.git",
            "id": "first_demo_repo_cren",
            "is_template": false,
            "license_template": null,
            "name": "first_demo_repo_cren",
            "node_id": "MDEwOlJlcG9zaXRvcnkzNjYxMzk5Nzc=",
            "pages": [],
            "private": false,
            "repo_id": 366139977,
            "ssh_clone_url": "git@github.com:s9r-5/first_demo_repo_cren.git",
            "svn_url": "https://github.com/s9r-5/first_demo_repo_cren",
            "template": [],
            "topics": null,
            "visibility": "public",
            "vulnerability_alerts": false
          },
          "sensitive_attributes": [],
          "private": "bnVsbA=="
        }
      ]
    }
  ]
}
